<?xml version="1.0" encoding="utf-8"?>
<Project ToolsVersion="4.0" xmlns="http://schemas.microsoft.com/developer/msbuild/2003">
  <ItemGroup>
    <Filter Include="源文件">
      <UniqueIdentifier>{4FC737F1-C7A5-4376-A066-2A32D752A2FF}</UniqueIdentifier>
      <Extensions>cpp;c;cc;cxx;c++;cppm;ixx;def;odl;idl;hpj;bat;asm;asmx</Extensions>
    </Filter>
    <Filter Include="头文件">
      <UniqueIdentifier>{93995380-89BD-4b04-88EB-625FBE52EBFB}</UniqueIdentifier>
      <Extensions>h;hh;hpp;hxx;h++;hm;inl;inc;ipp;xsd</Extensions>
    </Filter>
    <Filter Include="资源文件">
      <UniqueIdentifier>{67DA6AB6-F800-4c08-8B7A-83BB121AAD01}</UniqueIdentifier>
      <Extensions>rc;ico;cur;bmp;dlg;rc2;rct;bin;rgs;gif;jpg;jpeg;jpe;resx;tiff;tif;png;wav;mfcribbon-ms</Extensions>
    </Filter>
  </ItemGroup>
  <ItemGroup>
    <ClCompile Include="..\..\src\core\ext\transport\chttp2\transport\bin_decoder.cc">
      <Filter>源文件</Filter>
    </ClCompile>
    <ClCompile Include="..\..\src\core\ext\transport\chttp2\transport\bin_encoder.cc">
      <Filter>源文件</Filter>
    </ClCompile>
    <ClCompile Include="..\..\src\core\ext\transport\chttp2\transport\chttp2_plugin.cc">
      <Filter>源文件</Filter>
    </ClCompile>
    <ClCompile Include="..\..\src\core\ext\transport\chttp2\transport\chttp2_transport.cc">
      <Filter>源文件</Filter>
    </ClCompile>
    <ClCompile Include="..\..\src\core\ext\transport\chttp2\transport\flow_control.cc">
      <Filter>源文件</Filter>
    </ClCompile>
    <ClCompile Include="..\..\src\core\ext\transport\chttp2\transport\frame_data.cc">
      <Filter>源文件</Filter>
    </ClCompile>
    <ClCompile Include="..\..\src\core\ext\transport\chttp2\transport\frame_goaway.cc">
      <Filter>源文件</Filter>
    </ClCompile>
    <ClCompile Include="..\..\src\core\ext\transport\chttp2\transport\frame_ping.cc">
      <Filter>源文件</Filter>
    </ClCompile>
    <ClCompile Include="..\..\src\core\ext\transport\chttp2\transport\frame_rst_stream.cc">
      <Filter>源文件</Filter>
    </ClCompile>
    <ClCompile Include="..\..\src\core\ext\transport\chttp2\transport\frame_settings.cc">
      <Filter>源文件</Filter>
    </ClCompile>
    <ClCompile Include="..\..\src\core\ext\transport\chttp2\transport\frame_window_update.cc">
      <Filter>源文件</Filter>
    </ClCompile>
    <ClCompile Include="..\..\src\core\ext\transport\chttp2\transport\hpack_encoder.cc">
      <Filter>源文件</Filter>
    </ClCompile>
    <ClCompile Include="..\..\src\core\ext\transport\chttp2\transport\hpack_mapping.cc">
      <Filter>源文件</Filter>
    </ClCompile>
    <ClCompile Include="..\..\src\core\ext\transport\chttp2\transport\hpack_parser.cc">
      <Filter>源文件</Filter>
    </ClCompile>
    <ClCompile Include="..\..\src\core\ext\transport\chttp2\transport\hpack_table.cc">
      <Filter>源文件</Filter>
    </ClCompile>
    <ClCompile Include="..\..\src\core\ext\transport\chttp2\transport\http2_settings.cc">
      <Filter>源文件</Filter>
    </ClCompile>
    <ClCompile Include="..\..\src\core\ext\transport\chttp2\transport\huffsyms.cc">
      <Filter>源文件</Filter>
    </ClCompile>
    <ClCompile Include="..\..\src\core\ext\transport\chttp2\transport\incoming_metadata.cc">
      <Filter>源文件</Filter>
    </ClCompile>
    <ClCompile Include="..\..\src\core\ext\transport\chttp2\transport\parsing.cc">
      <Filter>源文件</Filter>
    </ClCompile>
    <ClCompile Include="..\..\src\core\ext\transport\chttp2\transport\stream_lists.cc">
      <Filter>源文件</Filter>
    </ClCompile>
    <ClCompile Include="..\..\src\core\ext\transport\chttp2\transport\stream_map.cc">
      <Filter>源文件</Filter>
    </ClCompile>
    <ClCompile Include="..\..\src\core\ext\transport\chttp2\transport\varint.cc">
      <Filter>源文件</Filter>
    </ClCompile>
    <ClCompile Include="..\..\src\core\ext\transport\chttp2\transport\writing.cc">
      <Filter>源文件</Filter>
    </ClCompile>
  </ItemGroup>
  <ItemGroup>
    <ClInclude Include="..\..\src\core\ext\transport\chttp2\transport\bin_decoder.h">
      <Filter>头文件</Filter>
    </ClInclude>
    <ClInclude Include="..\..\src\core\ext\transport\chttp2\transport\bin_encoder.h">
      <Filter>头文件</Filter>
    </ClInclude>
    <ClInclude Include="..\..\src\core\ext\transport\chttp2\transport\chttp2_transport.h">
      <Filter>头文件</Filter>
    </ClInclude>
    <ClInclude Include="..\..\src\core\ext\transport\chttp2\transport\flow_control.h">
      <Filter>头文件</Filter>
    </ClInclude>
    <ClInclude Include="..\..\src\core\ext\transport\chttp2\transport\frame.h">
      <Filter>头文件</Filter>
    </ClInclude>
    <ClInclude Include="..\..\src\core\ext\transport\chttp2\transport\frame_data.h">
      <Filter>头文件</Filter>
    </ClInclude>
    <ClInclude Include="..\..\src\core\ext\transport\chttp2\transport\frame_goaway.h">
      <Filter>头文件</Filter>
    </ClInclude>
    <ClInclude Include="..\..\src\core\ext\transport\chttp2\transport\frame_ping.h">
      <Filter>头文件</Filter>
    </ClInclude>
    <ClInclude Include="..\..\src\core\ext\transport\chttp2\transport\frame_rst_stream.h">
      <Filter>头文件</Filter>
    </ClInclude>
    <ClInclude Include="..\..\src\core\ext\transport\chttp2\transport\frame_settings.h">
      <Filter>头文件</Filter>
    </ClInclude>
    <ClInclude Include="..\..\src\core\ext\transport\chttp2\transport\frame_window_update.h">
      <Filter>头文件</Filter>
    </ClInclude>
    <ClInclude Include="..\..\src\core\ext\transport\chttp2\transport\hpack_encoder.h">
      <Filter>头文件</Filter>
    </ClInclude>
    <ClInclude Include="..\..\src\core\ext\transport\chttp2\transport\hpack_mapping.h">
      <Filter>头文件</Filter>
    </ClInclude>
    <ClInclude Include="..\..\src\core\ext\transport\chttp2\transport\hpack_parser.h">
      <Filter>头文件</Filter>
    </ClInclude>
    <ClInclude Include="..\..\src\core\ext\transport\chttp2\transport\hpack_table.h">
      <Filter>头文件</Filter>
    </ClInclude>
    <ClInclude Include="..\..\src\core\ext\transport\chttp2\transport\http2_settings.h">
      <Filter>头文件</Filter>
    </ClInclude>
    <ClInclude Include="..\..\src\core\ext\transport\chttp2\transport\huffsyms.h">
      <Filter>头文件</Filter>
    </ClInclude>
    <ClInclude Include="..\..\src\core\ext\transport\chttp2\transport\incoming_metadata.h">
      <Filter>头文件</Filter>
    </ClInclude>
    <ClInclude Include="..\..\src\core\ext\transport\chttp2\transport\internal.h">
      <Filter>头文件</Filter>
    </ClInclude>
    <ClInclude Include="..\..\src\core\ext\transport\chttp2\transport\stream_map.h">
      <Filter>头文件</Filter>
    </ClInclude>
    <ClInclude Include="..\..\src\core\ext\transport\chttp2\transport\varint.h">
      <Filter>头文件</Filter>
    </ClInclude>
  </ItemGroup>
</Project>