<?xml version="1.0" encoding="utf-8"?>
<Project ToolsVersion="4.0" xmlns="http://schemas.microsoft.com/developer/msbuild/2003">
  <ItemGroup>
    <Filter Include="源文件">
      <UniqueIdentifier>{4FC737F1-C7A5-4376-A066-2A32D752A2FF}</UniqueIdentifier>
      <Extensions>cpp;c;cc;cxx;c++;cppm;ixx;def;odl;idl;hpj;bat;asm;asmx</Extensions>
    </Filter>
    <Filter Include="头文件">
      <UniqueIdentifier>{93995380-89BD-4b04-88EB-625FBE52EBFB}</UniqueIdentifier>
      <Extensions>h;hh;hpp;hxx;h++;hm;inl;inc;ipp;xsd</Extensions>
    </Filter>
    <Filter Include="资源文件">
      <UniqueIdentifier>{67DA6AB6-F800-4c08-8B7A-83BB121AAD01}</UniqueIdentifier>
      <Extensions>rc;ico;cur;bmp;dlg;rc2;rct;bin;rgs;gif;jpg;jpeg;jpe;resx;tiff;tif;png;wav;mfcribbon-ms</Extensions>
    </Filter>
  </ItemGroup>
  <ItemGroup>
    <ClCompile Include="..\..\src\core\ext\filters\client_channel\backup_poller.cc">
      <Filter>源文件</Filter>
    </ClCompile>
    <ClCompile Include="..\..\src\core\ext\filters\client_channel\channel_connectivity.cc">
      <Filter>源文件</Filter>
    </ClCompile>
    <ClCompile Include="..\..\src\core\ext\filters\client_channel\client_channel.cc">
      <Filter>源文件</Filter>
    </ClCompile>
    <ClCompile Include="..\..\src\core\ext\filters\client_channel\client_channel_channelz.cc">
      <Filter>源文件</Filter>
    </ClCompile>
    <ClCompile Include="..\..\src\core\ext\filters\client_channel\client_channel_factory.cc">
      <Filter>源文件</Filter>
    </ClCompile>
    <ClCompile Include="..\..\src\core\ext\filters\client_channel\client_channel_plugin.cc">
      <Filter>源文件</Filter>
    </ClCompile>
    <ClCompile Include="..\..\src\core\ext\filters\client_channel\connector.cc">
      <Filter>源文件</Filter>
    </ClCompile>
    <ClCompile Include="..\..\src\core\ext\filters\client_channel\http_connect_handshaker.cc">
      <Filter>源文件</Filter>
    </ClCompile>
    <ClCompile Include="..\..\src\core\ext\filters\client_channel\http_proxy.cc">
      <Filter>源文件</Filter>
    </ClCompile>
    <ClCompile Include="..\..\src\core\ext\filters\client_channel\lb_policy.cc">
      <Filter>源文件</Filter>
    </ClCompile>
    <ClCompile Include="..\..\src\core\ext\filters\client_channel\lb_policy_factory.cc">
      <Filter>源文件</Filter>
    </ClCompile>
    <ClCompile Include="..\..\src\core\ext\filters\client_channel\lb_policy_registry.cc">
      <Filter>源文件</Filter>
    </ClCompile>
    <ClCompile Include="..\..\src\core\ext\filters\client_channel\method_params.cc">
      <Filter>源文件</Filter>
    </ClCompile>
    <ClCompile Include="..\..\src\core\ext\filters\client_channel\parse_address.cc">
      <Filter>源文件</Filter>
    </ClCompile>
    <ClCompile Include="..\..\src\core\ext\filters\client_channel\proxy_mapper.cc">
      <Filter>源文件</Filter>
    </ClCompile>
    <ClCompile Include="..\..\src\core\ext\filters\client_channel\proxy_mapper_registry.cc">
      <Filter>源文件</Filter>
    </ClCompile>
    <ClCompile Include="..\..\src\core\ext\filters\client_channel\resolver.cc">
      <Filter>源文件</Filter>
    </ClCompile>
    <ClCompile Include="..\..\src\core\ext\filters\client_channel\resolver_registry.cc">
      <Filter>源文件</Filter>
    </ClCompile>
    <ClCompile Include="..\..\src\core\ext\filters\client_channel\retry_throttle.cc">
      <Filter>源文件</Filter>
    </ClCompile>
    <ClCompile Include="..\..\src\core\ext\filters\client_channel\subchannel.cc">
      <Filter>源文件</Filter>
    </ClCompile>
    <ClCompile Include="..\..\src\core\ext\filters\client_channel\subchannel_index.cc">
      <Filter>源文件</Filter>
    </ClCompile>
    <ClCompile Include="..\..\src\core\ext\filters\client_channel\uri_parser.cc">
      <Filter>源文件</Filter>
    </ClCompile>
  </ItemGroup>
  <ItemGroup>
    <ClInclude Include="..\..\src\core\ext\filters\client_channel\backup_poller.h">
      <Filter>头文件</Filter>
    </ClInclude>
    <ClInclude Include="..\..\src\core\ext\filters\client_channel\client_channel.h">
      <Filter>头文件</Filter>
    </ClInclude>
    <ClInclude Include="..\..\src\core\ext\filters\client_channel\client_channel_channelz.h">
      <Filter>头文件</Filter>
    </ClInclude>
    <ClInclude Include="..\..\src\core\ext\filters\client_channel\client_channel_factory.h">
      <Filter>头文件</Filter>
    </ClInclude>
    <ClInclude Include="..\..\src\core\ext\filters\client_channel\connector.h">
      <Filter>头文件</Filter>
    </ClInclude>
    <ClInclude Include="..\..\src\core\ext\filters\client_channel\http_connect_handshaker.h">
      <Filter>头文件</Filter>
    </ClInclude>
    <ClInclude Include="..\..\src\core\ext\filters\client_channel\http_proxy.h">
      <Filter>头文件</Filter>
    </ClInclude>
    <ClInclude Include="..\..\src\core\ext\filters\client_channel\lb_policy.h">
      <Filter>头文件</Filter>
    </ClInclude>
    <ClInclude Include="..\..\src\core\ext\filters\client_channel\lb_policy_factory.h">
      <Filter>头文件</Filter>
    </ClInclude>
    <ClInclude Include="..\..\src\core\ext\filters\client_channel\lb_policy_registry.h">
      <Filter>头文件</Filter>
    </ClInclude>
    <ClInclude Include="..\..\src\core\ext\filters\client_channel\method_params.h">
      <Filter>头文件</Filter>
    </ClInclude>
    <ClInclude Include="..\..\src\core\ext\filters\client_channel\parse_address.h">
      <Filter>头文件</Filter>
    </ClInclude>
    <ClInclude Include="..\..\src\core\ext\filters\client_channel\proxy_mapper.h">
      <Filter>头文件</Filter>
    </ClInclude>
    <ClInclude Include="..\..\src\core\ext\filters\client_channel\proxy_mapper_registry.h">
      <Filter>头文件</Filter>
    </ClInclude>
    <ClInclude Include="..\..\src\core\ext\filters\client_channel\resolver.h">
      <Filter>头文件</Filter>
    </ClInclude>
    <ClInclude Include="..\..\src\core\ext\filters\client_channel\resolver_factory.h">
      <Filter>头文件</Filter>
    </ClInclude>
    <ClInclude Include="..\..\src\core\ext\filters\client_channel\resolver_registry.h">
      <Filter>头文件</Filter>
    </ClInclude>
    <ClInclude Include="..\..\src\core\ext\filters\client_channel\retry_throttle.h">
      <Filter>头文件</Filter>
    </ClInclude>
    <ClInclude Include="..\..\src\core\ext\filters\client_channel\subchannel.h">
      <Filter>头文件</Filter>
    </ClInclude>
    <ClInclude Include="..\..\src\core\ext\filters\client_channel\subchannel_index.h">
      <Filter>头文件</Filter>
    </ClInclude>
    <ClInclude Include="..\..\src\core\ext\filters\client_channel\uri_parser.h">
      <Filter>头文件</Filter>
    </ClInclude>
  </ItemGroup>
</Project>